
Microsoft Visual Studio Solution File, Format Version 12.00
# Visual Studio Version 16
VisualStudioVersion = 16.0.31515.178
MinimumVisualStudioVersion = 10.0.40219.1
Project("{9A19103F-16F7-4668-BE54-9A1E7A4F7556}") = "SBShared", "SBShared\SBShared.csproj", "{1272DF9C-247E-4FAC-8ABE-D3AD8FD0F61F}"
EndProject
Project("{9A19103F-16F7-4668-BE54-9A1E7A4F7556}") = "SBReceiver", "SBReceiver\SBReceiver.csproj", "{80270C7B-193B-425A-8011-7CC8BB4C2C80}"
EndProject
Project("{9A19103F-16F7-4668-BE54-9A1E7A4F7556}") = "SBSenderWeb", "SBSenderWeb\SBSenderWeb.csproj", "{08872BAD-AD1F-4083-AFC1-17222FA67010}"
EndProject
Project("{9A19103F-16F7-4668-BE54-9A1E7A4F7556}") = "SBReceiverAF", "SBReceiverAF\SBReceiverAF.csproj", "{1B8EA570-08ED-499B-B251-4B605F2558EE}"
EndProject
Project("{FAE04EC0-301F-11D3-BF4B-00C04F79EFBC}") = "aurora-program-planned-order-list-subscription", "aurora-program-planned-order-list-subscription\aurora-program-planned-order-list-subscription.csproj", "{86B4D7E6-04AA-4FA7-8903-569D57CBFD12}"
EndProject
Global
	GlobalSection(SolutionConfigurationPlatforms) = preSolution
		Debug|Any CPU = Debug|Any CPU
		Release|Any CPU = Release|Any CPU
	EndGlobalSection
	GlobalSection(ProjectConfigurationPlatforms) = postSolution
		{1272DF9C-247E-4FAC-8ABE-D3AD8FD0F61F}.Debug|Any CPU.ActiveCfg = Debug|Any CPU
		{1272DF9C-247E-4FAC-8ABE-D3AD8FD0F61F}.Debug|Any CPU.Build.0 = Debug|Any CPU
		{1272DF9C-247E-4FAC-8ABE-D3AD8FD0F61F}.Release|Any CPU.ActiveCfg = Release|Any CPU
		{1272DF9C-247E-4FAC-8ABE-D3AD8FD0F61F}.Release|Any CPU.Build.0 = Release|Any CPU
		{80270C7B-193B-425A-8011-7CC8BB4C2C80}.Debug|Any CPU.ActiveCfg = Debug|Any CPU
		{80270C7B-193B-425A-8011-7CC8BB4C2C80}.Debug|Any CPU.Build.0 = Debug|Any CPU
		{80270C7B-193B-425A-8011-7CC8BB4C2C80}.Release|Any CPU.ActiveCfg = Release|Any CPU
		{80270C7B-193B-425A-8011-7CC8BB4C2C80}.Release|Any CPU.Build.0 = Release|Any CPU
		{08872BAD-AD1F-4083-AFC1-17222FA67010}.Debug|Any CPU.ActiveCfg = Debug|Any CPU
		{08872BAD-AD1F-4083-AFC1-17222FA67010}.Debug|Any CPU.Build.0 = Debug|Any CPU
		{08872BAD-AD1F-4083-AFC1-17222FA67010}.Release|Any CPU.ActiveCfg = Release|Any CPU
		{08872BAD-AD1F-4083-AFC1-17222FA67010}.Release|Any CPU.Build.0 = Release|Any CPU
		{1B8EA570-08ED-499B-B251-4B605F2558EE}.Debug|Any CPU.ActiveCfg = Debug|Any CPU
		{1B8EA570-08ED-499B-B251-4B605F2558EE}.Debug|Any CPU.Build.0 = Debug|Any CPU
		{1B8EA570-08ED-499B-B251-4B605F2558EE}.Release|Any CPU.ActiveCfg = Release|Any CPU
		{1B8EA570-08ED-499B-B251-4B605F2558EE}.Release|Any CPU.Build.0 = Release|Any CPU
		{86B4D7E6-04AA-4FA7-8903-569D57CBFD12}.Debug|Any CPU.ActiveCfg = Debug|Any CPU
		{86B4D7E6-04AA-4FA7-8903-569D57CBFD12}.Debug|Any CPU.Build.0 = Debug|Any CPU
		{86B4D7E6-04AA-4FA7-8903-569D57CBFD12}.Release|Any CPU.ActiveCfg = Release|Any CPU
		{86B4D7E6-04AA-4FA7-8903-569D57CBFD12}.Release|Any CPU.Build.0 = Release|Any CPU
	EndGlobalSection
	GlobalSection(SolutionProperties) = preSolution
		HideSolutionNode = FALSE
	EndGlobalSection
	GlobalSection(ExtensibilityGlobals) = postSolution
		SolutionGuid = {4CB35E7C-0ECE-44A8-86F4-3545E6200544}
	EndGlobalSection
EndGlobal
